Microsoft Visual Studio Solution File, Format Version 12.00
# Visual Studio Version 17
VisualStudioVersion = 17.5.2.0
MinimumVisualStudioVersion = 10.0.40219.1
Project("{FAE04EC0-301F-11D3-BF4B-00C04F79EFBC}") = "TimeTrackerWeb", "TimeTrackerWeb.csproj", "{4DEEBA5C-F779-DE6B-F104-B7B33A975292}"
EndProject
Global
	GlobalSection(SolutionConfigurationPlatforms) = preSolution
		Debug|Any CPU = Debug|Any CPU
		Release|Any CPU = Release|Any CPU
	EndGlobalSection
	GlobalSection(ProjectConfigurationPlatforms) = postSolution
		{4DEEBA5C-F779-DE6B-F104-B7B33A975292}.Debug|Any CPU.ActiveCfg = Debug|Any CPU
		{4DEEBA5C-F779-DE6B-F104-B7B33A975292}.Debug|Any CPU.Build.0 = Debug|Any CPU
		{4DEEBA5C-F779-DE6B-F104-B7B33A975292}.Release|Any CPU.ActiveCfg = Release|Any CPU
		{4DEEBA5C-F779-DE6B-F104-B7B33A975292}.Release|Any CPU.Build.0 = Release|Any CPU
	EndGlobalSection
	GlobalSection(SolutionProperties) = preSolution
		HideSolutionNode = FALSE
	EndGlobalSection
	GlobalSection(ExtensibilityGlobals) = postSolution
		SolutionGuid = {DBCAF4D1-9B85-4196-AACE-A89F754FFEF0}
	EndGlobalSection
EndGlobal
